
Microsoft Visual Studio Solution File, Format Version 12.00
# Visual Studio Version 17
VisualStudioVersion = 17.13.35913.81 d17.13
MinimumVisualStudioVersion = 10.0.40219.1
Project("{FAE04EC0-301F-11D3-BF4B-00C04F79EFBC}") = "WebApplication1", "WebApplication1.csproj", "{D2C0EF61-C73C-4835-8C13-516F58F20870}"
EndProject
Global
	GlobalSection(SolutionConfigurationPlatforms) = preSolution
		Debug|Any CPU = Debug|Any CPU
		Release|Any CPU = Release|Any CPU
	EndGlobalSection
	GlobalSection(ProjectConfigurationPlatforms) = postSolution
		{D2C0EF61-C73C-4835-8C13-516F58F20870}.Debug|Any CPU.ActiveCfg = Debug|Any CPU
		{D2C0EF61-C73C-4835-8C13-516F58F20870}.Debug|Any CPU.Build.0 = Debug|Any CPU
		{D2C0EF61-C73C-4835-8C13-516F58F20870}.Release|Any CPU.ActiveCfg = Release|Any CPU
		{D2C0EF61-C73C-4835-8C13-516F58F20870}.Release|Any CPU.Build.0 = Release|Any CPU
	EndGlobalSection
	GlobalSection(SolutionProperties) = preSolution
		HideSolutionNode = FALSE
	EndGlobalSection
	GlobalSection(ExtensibilityGlobals) = postSolution
		SolutionGuid = {518040A3-C83F-4D2B-85E3-2D2DD3E5E96E}
	EndGlobalSection
EndGlobal
